
Microsoft Visual Studio Solution File, Format Version 12.00
# Visual Studio Version 17
VisualStudioVersion = 17.3.32825.248
MinimumVisualStudioVersion = 10.0.40219.1
Project("{FAE04EC0-301F-11D3-BF4B-00C04F79EFBC}") = "Task02", "Task02\Task02.csproj", "{2F5C2A79-EF6F-45F7-AF3E-DF0856D722EB}"
EndProject
Global
	GlobalSection(SolutionConfigurationPlatforms) = preSolution
		Debug|Any CPU = Debug|Any CPU
		Release|Any CPU = Release|Any CPU
	EndGlobalSection
	GlobalSection(ProjectConfigurationPlatforms) = postSolution
		{2F5C2A79-EF6F-45F7-AF3E-DF0856D722EB}.Debug|Any CPU.ActiveCfg = Debug|Any CPU
		{2F5C2A79-EF6F-45F7-AF3E-DF0856D722EB}.Debug|Any CPU.Build.0 = Debug|Any CPU
		{2F5C2A79-EF6F-45F7-AF3E-DF0856D722EB}.Release|Any CPU.ActiveCfg = Release|Any CPU
		{2F5C2A79-EF6F-45F7-AF3E-DF0856D722EB}.Release|Any CPU.Build.0 = Release|Any CPU
	EndGlobalSection
	GlobalSection(SolutionProperties) = preSolution
		HideSolutionNode = FALSE
	EndGlobalSection
	GlobalSection(ExtensibilityGlobals) = postSolution
		SolutionGuid = {8E042985-B1E6-499A-BAF2-10377EDBF9C8}
	EndGlobalSection
EndGlobal
