
Microsoft Visual Studio Solution File, Format Version 12.00
# Visual Studio Version 17
VisualStudioVersion = 17.4.33122.133
MinimumVisualStudioVersion = 10.0.40219.1
Project("{FAE04EC0-301F-11D3-BF4B-00C04F79EFBC}") = "Task 06(2)", "Task 06(2)\Task 06(2).csproj", "{1722EE7D-C59D-46E8-8B5A-793F180A5D6B}"
EndProject
Global
	GlobalSection(SolutionConfigurationPlatforms) = preSolution
		Debug|Any CPU = Debug|Any CPU
		Release|Any CPU = Release|Any CPU
	EndGlobalSection
	GlobalSection(ProjectConfigurationPlatforms) = postSolution
		{1722EE7D-C59D-46E8-8B5A-793F180A5D6B}.Debug|Any CPU.ActiveCfg = Debug|Any CPU
		{1722EE7D-C59D-46E8-8B5A-793F180A5D6B}.Debug|Any CPU.Build.0 = Debug|Any CPU
		{1722EE7D-C59D-46E8-8B5A-793F180A5D6B}.Release|Any CPU.ActiveCfg = Release|Any CPU
		{1722EE7D-C59D-46E8-8B5A-793F180A5D6B}.Release|Any CPU.Build.0 = Release|Any CPU
	EndGlobalSection
	GlobalSection(SolutionProperties) = preSolution
		HideSolutionNode = FALSE
	EndGlobalSection
	GlobalSection(ExtensibilityGlobals) = postSolution
		SolutionGuid = {EA482114-FC86-4DAE-853F-548605CD6463}
	EndGlobalSection
EndGlobal
